
Microsoft Visual Studio Solution File, Format Version 12.00
# Visual Studio Version 17
VisualStudioVersion = 17.0.32014.148
MinimumVisualStudioVersion = 10.0.40219.1
Project("{9A19103F-16F7-4668-BE54-9A1E7A4F7556}") = "KEFCore", "..\src\KEFCore\KEFCore.csproj", "{50EB3F45-EB62-4BE9-AEAB-DC85E6D6090D}"
EndProject
Project("{9A19103F-16F7-4668-BE54-9A1E7A4F7556}") = "KEFCore.Test", "KEFCore.Test\KEFCore.Test.csproj", "{6999B7F3-6887-41CE-B1E9-2CE6BB881FDA}"
EndProject
Global
	GlobalSection(SolutionConfigurationPlatforms) = preSolution
		Debug|Any CPU = Debug|Any CPU
		Release|Any CPU = Release|Any CPU
	EndGlobalSection
	GlobalSection(ProjectConfigurationPlatforms) = postSolution
		{50EB3F45-EB62-4BE9-AEAB-DC85E6D6090D}.Debug|Any CPU.ActiveCfg = Debug|Any CPU
		{50EB3F45-EB62-4BE9-AEAB-DC85E6D6090D}.Debug|Any CPU.Build.0 = Debug|Any CPU
		{50EB3F45-EB62-4BE9-AEAB-DC85E6D6090D}.Release|Any CPU.ActiveCfg = Release|Any CPU
		{50EB3F45-EB62-4BE9-AEAB-DC85E6D6090D}.Release|Any CPU.Build.0 = Release|Any CPU
		{6999B7F3-6887-41CE-B1E9-2CE6BB881FDA}.Debug|Any CPU.ActiveCfg = Debug|Any CPU
		{6999B7F3-6887-41CE-B1E9-2CE6BB881FDA}.Debug|Any CPU.Build.0 = Debug|Any CPU
		{6999B7F3-6887-41CE-B1E9-2CE6BB881FDA}.Release|Any CPU.ActiveCfg = Release|Any CPU
		{6999B7F3-6887-41CE-B1E9-2CE6BB881FDA}.Release|Any CPU.Build.0 = Release|Any CPU
	EndGlobalSection
	GlobalSection(SolutionProperties) = preSolution
		HideSolutionNode = FALSE
	EndGlobalSection
	GlobalSection(ExtensibilityGlobals) = postSolution
		SolutionGuid = {36C294ED-9ECE-42AA-8273-31E008749AF3}
	EndGlobalSection
EndGlobal
