
Microsoft Visual Studio Solution File, Format Version 12.00
# Visual Studio Version 17
VisualStudioVersion = 17.0.32014.148
MinimumVisualStudioVersion = 10.0.40219.1
Project("{9A19103F-16F7-4668-BE54-9A1E7A4F7556}") = "KEFCore.Test", "KEFCore.Test\KEFCore.Test.csproj", "{6999B7F3-6887-41CE-B1E9-2CE6BB881FDA}"
EndProject
Project("{9A19103F-16F7-4668-BE54-9A1E7A4F7556}") = "KEFCore", "..\src\net\KEFCore\KEFCore.csproj", "{BB85D638-A032-41F5-9118-3264F6F6D14C}"
EndProject
Project("{2150E333-8FDC-42A3-9474-1A3956D46DE8}") = "Common", "Common", "{B35B16BB-890F-4385-AB20-7AA4DD6E9C01}"
EndProject
Project("{2150E333-8FDC-42A3-9474-1A3956D46DE8}") = "Tests", "Tests", "{4A0AD520-9BC4-4F92-893B-6F92BBC35BFA}"
EndProject
Project("{9A19103F-16F7-4668-BE54-9A1E7A4F7556}") = "KEFCore.Complex.Test", "KEFCore.Complex.Test\KEFCore.Complex.Test.csproj", "{CC3396D4-7365-41C1-B82E-200FE87A4F33}"
EndProject
Project("{9A19103F-16F7-4668-BE54-9A1E7A4F7556}") = "KEFCore.Benchmark.Test", "KEFCore.Benchmark.Test\KEFCore.Benchmark.Test.csproj", "{D8B28630-F80E-42F2-AD9C-5955D5AC2E69}"
EndProject
Project("{9A19103F-16F7-4668-BE54-9A1E7A4F7556}") = "KEFCore.SerDes", "..\src\net\KEFCore.SerDes\KEFCore.SerDes.csproj", "{C8FAF4B6-796E-40C5-990E-A1308306C1F2}"
EndProject
Project("{9A19103F-16F7-4668-BE54-9A1E7A4F7556}") = "KEFCore.SerDes.Avro", "..\src\net\KEFCore.SerDes.Avro\KEFCore.SerDes.Avro.csproj", "{3F5C48E6-02E8-4921-AA1D-24F8F644F67E}"
EndProject
Project("{9A19103F-16F7-4668-BE54-9A1E7A4F7556}") = "KEFCore.SerDes.Avro.Compiler", "..\src\net\KEFCore.SerDes.Avro.Compiler\KEFCore.SerDes.Avro.Compiler.csproj", "{BED3DF6D-B60E-486D-96E9-AD069D0600D2}"
EndProject
Project("{9A19103F-16F7-4668-BE54-9A1E7A4F7556}") = "KEFCore.Extractor.Test", "KEFCore.Extractor.Test\KEFCore.Extractor.Test.csproj", "{E1BE56EB-4701-47E7-876A-D2146619C211}"
EndProject
Project("{2150E333-8FDC-42A3-9474-1A3956D46DE8}") = "Templates", "Templates", "{68A75218-B566-4DF6-8BFF-586B7C3E7ED6}"
EndProject
Project("{9A19103F-16F7-4668-BE54-9A1E7A4F7556}") = "kefcoreApp", "..\src\net\templates\templates\kefcoreApp\kefcoreApp.csproj", "{ECB20F1B-A86D-4CB1-953B-B7C42E9FC1CD}"
EndProject
Project("{9A19103F-16F7-4668-BE54-9A1E7A4F7556}") = "kefcoreAppWithEvents", "..\src\net\templates\templates\kefcoreAppWithEvents\kefcoreAppWithEvents.csproj", "{EEF483DF-8DDB-474D-8135-2762014F9438}"
EndProject
Project("{9A19103F-16F7-4668-BE54-9A1E7A4F7556}") = "templatepack", "..\src\net\templates\templatepack.csproj", "{B18081C0-E85F-4228-8150-E7EDD4794BEB}"
EndProject
Project("{9A19103F-16F7-4668-BE54-9A1E7A4F7556}") = "KEFCore.SerDes.Protobuf", "..\src\net\KEFCore.SerDes.Protobuf\KEFCore.SerDes.Protobuf.csproj", "{1EA5DAE7-67D1-4E2B-ACAF-F107BB86EB66}"
EndProject
Project("{9A19103F-16F7-4668-BE54-9A1E7A4F7556}") = "KEFCore.StreamTest", "KEFCore.StreamTest\KEFCore.StreamTest.csproj", "{BD4EC954-4C0A-40C4-8629-C5562582ED6A}"
EndProject
Project("{9A19103F-16F7-4668-BE54-9A1E7A4F7556}") = "KEFCore.Common.Test", "Common\KEFCore.Common.Test.csproj", "{03B24253-0A2D-4FF0-9C9E-1962DDD189AC}"
EndProject
Global
	GlobalSection(SolutionConfigurationPlatforms) = preSolution
		Debug|Any CPU = Debug|Any CPU
		Release|Any CPU = Release|Any CPU
	EndGlobalSection
	GlobalSection(ProjectConfigurationPlatforms) = postSolution
		{6999B7F3-6887-41CE-B1E9-2CE6BB881FDA}.Debug|Any CPU.ActiveCfg = Debug|Any CPU
		{6999B7F3-6887-41CE-B1E9-2CE6BB881FDA}.Debug|Any CPU.Build.0 = Debug|Any CPU
		{6999B7F3-6887-41CE-B1E9-2CE6BB881FDA}.Release|Any CPU.ActiveCfg = Release|Any CPU
		{6999B7F3-6887-41CE-B1E9-2CE6BB881FDA}.Release|Any CPU.Build.0 = Release|Any CPU
		{BB85D638-A032-41F5-9118-3264F6F6D14C}.Debug|Any CPU.ActiveCfg = Debug|Any CPU
		{BB85D638-A032-41F5-9118-3264F6F6D14C}.Debug|Any CPU.Build.0 = Debug|Any CPU
		{BB85D638-A032-41F5-9118-3264F6F6D14C}.Release|Any CPU.ActiveCfg = Release|Any CPU
		{BB85D638-A032-41F5-9118-3264F6F6D14C}.Release|Any CPU.Build.0 = Release|Any CPU
		{CC3396D4-7365-41C1-B82E-200FE87A4F33}.Debug|Any CPU.ActiveCfg = Debug|Any CPU
		{CC3396D4-7365-41C1-B82E-200FE87A4F33}.Debug|Any CPU.Build.0 = Debug|Any CPU
		{CC3396D4-7365-41C1-B82E-200FE87A4F33}.Release|Any CPU.ActiveCfg = Release|Any CPU
		{CC3396D4-7365-41C1-B82E-200FE87A4F33}.Release|Any CPU.Build.0 = Release|Any CPU
		{D8B28630-F80E-42F2-AD9C-5955D5AC2E69}.Debug|Any CPU.ActiveCfg = Debug|Any CPU
		{D8B28630-F80E-42F2-AD9C-5955D5AC2E69}.Debug|Any CPU.Build.0 = Debug|Any CPU
		{D8B28630-F80E-42F2-AD9C-5955D5AC2E69}.Release|Any CPU.ActiveCfg = Release|Any CPU
		{D8B28630-F80E-42F2-AD9C-5955D5AC2E69}.Release|Any CPU.Build.0 = Release|Any CPU
		{C8FAF4B6-796E-40C5-990E-A1308306C1F2}.Debug|Any CPU.ActiveCfg = Debug|Any CPU
		{C8FAF4B6-796E-40C5-990E-A1308306C1F2}.Debug|Any CPU.Build.0 = Debug|Any CPU
		{C8FAF4B6-796E-40C5-990E-A1308306C1F2}.Release|Any CPU.ActiveCfg = Release|Any CPU
		{C8FAF4B6-796E-40C5-990E-A1308306C1F2}.Release|Any CPU.Build.0 = Release|Any CPU
		{3F5C48E6-02E8-4921-AA1D-24F8F644F67E}.Debug|Any CPU.ActiveCfg = Debug|Any CPU
		{3F5C48E6-02E8-4921-AA1D-24F8F644F67E}.Debug|Any CPU.Build.0 = Debug|Any CPU
		{3F5C48E6-02E8-4921-AA1D-24F8F644F67E}.Release|Any CPU.ActiveCfg = Release|Any CPU
		{3F5C48E6-02E8-4921-AA1D-24F8F644F67E}.Release|Any CPU.Build.0 = Release|Any CPU
		{BED3DF6D-B60E-486D-96E9-AD069D0600D2}.Debug|Any CPU.ActiveCfg = Debug|Any CPU
		{BED3DF6D-B60E-486D-96E9-AD069D0600D2}.Debug|Any CPU.Build.0 = Debug|Any CPU
		{BED3DF6D-B60E-486D-96E9-AD069D0600D2}.Release|Any CPU.ActiveCfg = Release|Any CPU
		{BED3DF6D-B60E-486D-96E9-AD069D0600D2}.Release|Any CPU.Build.0 = Release|Any CPU
		{E1BE56EB-4701-47E7-876A-D2146619C211}.Debug|Any CPU.ActiveCfg = Debug|Any CPU
		{E1BE56EB-4701-47E7-876A-D2146619C211}.Debug|Any CPU.Build.0 = Debug|Any CPU
		{E1BE56EB-4701-47E7-876A-D2146619C211}.Release|Any CPU.ActiveCfg = Release|Any CPU
		{E1BE56EB-4701-47E7-876A-D2146619C211}.Release|Any CPU.Build.0 = Release|Any CPU
		{ECB20F1B-A86D-4CB1-953B-B7C42E9FC1CD}.Debug|Any CPU.ActiveCfg = Debug|Any CPU
		{ECB20F1B-A86D-4CB1-953B-B7C42E9FC1CD}.Debug|Any CPU.Build.0 = Debug|Any CPU
		{ECB20F1B-A86D-4CB1-953B-B7C42E9FC1CD}.Release|Any CPU.ActiveCfg = Release|Any CPU
		{ECB20F1B-A86D-4CB1-953B-B7C42E9FC1CD}.Release|Any CPU.Build.0 = Release|Any CPU
		{EEF483DF-8DDB-474D-8135-2762014F9438}.Debug|Any CPU.ActiveCfg = Debug|Any CPU
		{EEF483DF-8DDB-474D-8135-2762014F9438}.Debug|Any CPU.Build.0 = Debug|Any CPU
		{EEF483DF-8DDB-474D-8135-2762014F9438}.Release|Any CPU.ActiveCfg = Release|Any CPU
		{EEF483DF-8DDB-474D-8135-2762014F9438}.Release|Any CPU.Build.0 = Release|Any CPU
		{B18081C0-E85F-4228-8150-E7EDD4794BEB}.Debug|Any CPU.ActiveCfg = Debug|Any CPU
		{B18081C0-E85F-4228-8150-E7EDD4794BEB}.Debug|Any CPU.Build.0 = Debug|Any CPU
		{B18081C0-E85F-4228-8150-E7EDD4794BEB}.Release|Any CPU.ActiveCfg = Release|Any CPU
		{B18081C0-E85F-4228-8150-E7EDD4794BEB}.Release|Any CPU.Build.0 = Release|Any CPU
		{1EA5DAE7-67D1-4E2B-ACAF-F107BB86EB66}.Debug|Any CPU.ActiveCfg = Debug|Any CPU
		{1EA5DAE7-67D1-4E2B-ACAF-F107BB86EB66}.Debug|Any CPU.Build.0 = Debug|Any CPU
		{1EA5DAE7-67D1-4E2B-ACAF-F107BB86EB66}.Release|Any CPU.ActiveCfg = Release|Any CPU
		{1EA5DAE7-67D1-4E2B-ACAF-F107BB86EB66}.Release|Any CPU.Build.0 = Release|Any CPU
		{BD4EC954-4C0A-40C4-8629-C5562582ED6A}.Debug|Any CPU.ActiveCfg = Debug|Any CPU
		{BD4EC954-4C0A-40C4-8629-C5562582ED6A}.Debug|Any CPU.Build.0 = Debug|Any CPU
		{BD4EC954-4C0A-40C4-8629-C5562582ED6A}.Release|Any CPU.ActiveCfg = Release|Any CPU
		{BD4EC954-4C0A-40C4-8629-C5562582ED6A}.Release|Any CPU.Build.0 = Release|Any CPU
		{03B24253-0A2D-4FF0-9C9E-1962DDD189AC}.Debug|Any CPU.ActiveCfg = Debug|Any CPU
		{03B24253-0A2D-4FF0-9C9E-1962DDD189AC}.Debug|Any CPU.Build.0 = Debug|Any CPU
		{03B24253-0A2D-4FF0-9C9E-1962DDD189AC}.Release|Any CPU.ActiveCfg = Release|Any CPU
		{03B24253-0A2D-4FF0-9C9E-1962DDD189AC}.Release|Any CPU.Build.0 = Release|Any CPU
	EndGlobalSection
	GlobalSection(SolutionProperties) = preSolution
		HideSolutionNode = FALSE
	EndGlobalSection
	GlobalSection(NestedProjects) = preSolution
		{6999B7F3-6887-41CE-B1E9-2CE6BB881FDA} = {4A0AD520-9BC4-4F92-893B-6F92BBC35BFA}
		{BB85D638-A032-41F5-9118-3264F6F6D14C} = {B35B16BB-890F-4385-AB20-7AA4DD6E9C01}
		{CC3396D4-7365-41C1-B82E-200FE87A4F33} = {4A0AD520-9BC4-4F92-893B-6F92BBC35BFA}
		{D8B28630-F80E-42F2-AD9C-5955D5AC2E69} = {4A0AD520-9BC4-4F92-893B-6F92BBC35BFA}
		{C8FAF4B6-796E-40C5-990E-A1308306C1F2} = {B35B16BB-890F-4385-AB20-7AA4DD6E9C01}
		{3F5C48E6-02E8-4921-AA1D-24F8F644F67E} = {B35B16BB-890F-4385-AB20-7AA4DD6E9C01}
		{BED3DF6D-B60E-486D-96E9-AD069D0600D2} = {B35B16BB-890F-4385-AB20-7AA4DD6E9C01}
		{E1BE56EB-4701-47E7-876A-D2146619C211} = {4A0AD520-9BC4-4F92-893B-6F92BBC35BFA}
		{ECB20F1B-A86D-4CB1-953B-B7C42E9FC1CD} = {68A75218-B566-4DF6-8BFF-586B7C3E7ED6}
		{EEF483DF-8DDB-474D-8135-2762014F9438} = {68A75218-B566-4DF6-8BFF-586B7C3E7ED6}
		{B18081C0-E85F-4228-8150-E7EDD4794BEB} = {B35B16BB-890F-4385-AB20-7AA4DD6E9C01}
		{1EA5DAE7-67D1-4E2B-ACAF-F107BB86EB66} = {B35B16BB-890F-4385-AB20-7AA4DD6E9C01}
		{BD4EC954-4C0A-40C4-8629-C5562582ED6A} = {4A0AD520-9BC4-4F92-893B-6F92BBC35BFA}
		{03B24253-0A2D-4FF0-9C9E-1962DDD189AC} = {4A0AD520-9BC4-4F92-893B-6F92BBC35BFA}
	EndGlobalSection
	GlobalSection(ExtensibilityGlobals) = postSolution
		SolutionGuid = {36C294ED-9ECE-42AA-8273-31E008749AF3}
	EndGlobalSection
EndGlobal
