
Microsoft Visual Studio Solution File, Format Version 12.00
# Visual Studio Version 18
VisualStudioVersion = 18.2.11415.280
MinimumVisualStudioVersion = 10.0.40219.1
Project("{9A19103F-16F7-4668-BE54-9A1E7A4F7556}") = "KEFCore", "KEFCore\KEFCore.csproj", "{831A5EBA-1EE5-4B7B-AC3D-53FA6AF212FF}"
EndProject
Project("{9A19103F-16F7-4668-BE54-9A1E7A4F7556}") = "KEFCore.SerDes", "KEFCore.SerDes\KEFCore.SerDes.csproj", "{FFA73185-E980-48D9-8016-BC5434A4E1B4}"
EndProject
Project("{9A19103F-16F7-4668-BE54-9A1E7A4F7556}") = "KEFCore.SerDes.Avro", "KEFCore.SerDes.Avro\KEFCore.SerDes.Avro.csproj", "{87EB9CF6-D275-460F-B3F5-A5DED0E40196}"
EndProject
Project("{9A19103F-16F7-4668-BE54-9A1E7A4F7556}") = "KEFCore.SerDes.Avro.Compiler", "KEFCore.SerDes.Avro.Compiler\KEFCore.SerDes.Avro.Compiler.csproj", "{1E2A2989-7F4C-4651-907F-BCED5E8FA717}"
EndProject
Project("{9A19103F-16F7-4668-BE54-9A1E7A4F7556}") = "templatepack", "templates\templatepack.csproj", "{F5A4D889-A4EA-4050-8F04-550E0FFC82FD}"
EndProject
Project("{9A19103F-16F7-4668-BE54-9A1E7A4F7556}") = "KEFCore.SerDes.Protobuf", "KEFCore.SerDes.Protobuf\KEFCore.SerDes.Protobuf.csproj", "{D2562FF3-A574-44AD-BE4F-47B0B25FD270}"
EndProject
Global
	GlobalSection(SolutionConfigurationPlatforms) = preSolution
		Debug|Any CPU = Debug|Any CPU
		Release|Any CPU = Release|Any CPU
	EndGlobalSection
	GlobalSection(ProjectConfigurationPlatforms) = postSolution
		{831A5EBA-1EE5-4B7B-AC3D-53FA6AF212FF}.Debug|Any CPU.ActiveCfg = Debug|Any CPU
		{831A5EBA-1EE5-4B7B-AC3D-53FA6AF212FF}.Debug|Any CPU.Build.0 = Debug|Any CPU
		{831A5EBA-1EE5-4B7B-AC3D-53FA6AF212FF}.Release|Any CPU.ActiveCfg = Release|Any CPU
		{831A5EBA-1EE5-4B7B-AC3D-53FA6AF212FF}.Release|Any CPU.Build.0 = Release|Any CPU
		{FFA73185-E980-48D9-8016-BC5434A4E1B4}.Debug|Any CPU.ActiveCfg = Debug|Any CPU
		{FFA73185-E980-48D9-8016-BC5434A4E1B4}.Debug|Any CPU.Build.0 = Debug|Any CPU
		{FFA73185-E980-48D9-8016-BC5434A4E1B4}.Release|Any CPU.ActiveCfg = Release|Any CPU
		{FFA73185-E980-48D9-8016-BC5434A4E1B4}.Release|Any CPU.Build.0 = Release|Any CPU
		{87EB9CF6-D275-460F-B3F5-A5DED0E40196}.Debug|Any CPU.ActiveCfg = Debug|Any CPU
		{87EB9CF6-D275-460F-B3F5-A5DED0E40196}.Debug|Any CPU.Build.0 = Debug|Any CPU
		{87EB9CF6-D275-460F-B3F5-A5DED0E40196}.Release|Any CPU.ActiveCfg = Release|Any CPU
		{87EB9CF6-D275-460F-B3F5-A5DED0E40196}.Release|Any CPU.Build.0 = Release|Any CPU
		{1E2A2989-7F4C-4651-907F-BCED5E8FA717}.Debug|Any CPU.ActiveCfg = Debug|Any CPU
		{1E2A2989-7F4C-4651-907F-BCED5E8FA717}.Debug|Any CPU.Build.0 = Debug|Any CPU
		{1E2A2989-7F4C-4651-907F-BCED5E8FA717}.Release|Any CPU.ActiveCfg = Release|Any CPU
		{1E2A2989-7F4C-4651-907F-BCED5E8FA717}.Release|Any CPU.Build.0 = Release|Any CPU
		{F5A4D889-A4EA-4050-8F04-550E0FFC82FD}.Debug|Any CPU.ActiveCfg = Debug|Any CPU
		{F5A4D889-A4EA-4050-8F04-550E0FFC82FD}.Debug|Any CPU.Build.0 = Debug|Any CPU
		{F5A4D889-A4EA-4050-8F04-550E0FFC82FD}.Release|Any CPU.ActiveCfg = Release|Any CPU
		{F5A4D889-A4EA-4050-8F04-550E0FFC82FD}.Release|Any CPU.Build.0 = Release|Any CPU
		{D2562FF3-A574-44AD-BE4F-47B0B25FD270}.Debug|Any CPU.ActiveCfg = Debug|Any CPU
		{D2562FF3-A574-44AD-BE4F-47B0B25FD270}.Debug|Any CPU.Build.0 = Debug|Any CPU
		{D2562FF3-A574-44AD-BE4F-47B0B25FD270}.Release|Any CPU.ActiveCfg = Release|Any CPU
		{D2562FF3-A574-44AD-BE4F-47B0B25FD270}.Release|Any CPU.Build.0 = Release|Any CPU
	EndGlobalSection
	GlobalSection(SolutionProperties) = preSolution
		HideSolutionNode = FALSE
	EndGlobalSection
	GlobalSection(ExtensibilityGlobals) = postSolution
		SolutionGuid = {36C294ED-9ECE-42AA-8273-31E008749AF3}
	EndGlobalSection
EndGlobal
